
Microsoft Visual Studio Solution File, Format Version 12.00
# Visual Studio 14
VisualStudioVersion = 14.0.23107.0
MinimumVisualStudioVersion = 10.0.40219.1
Project("{FAE04EC0-301F-11D3-BF4B-00C04F79EFBC}") = "Entidades-Calculadora", "Entidades-Calculadora\Entidades-Calculadora.csproj", "{C59FA9E0-A53F-4323-B68E-8C37F4900FB6}"
EndProject
Project("{FAE04EC0-301F-11D3-BF4B-00C04F79EFBC}") = "PruebasEnConsola", "PruebasEnConsola\PruebasEnConsola.csproj", "{8B022DEA-B196-4D00-9544-5BA297357EFB}"
EndProject
Project("{FAE04EC0-301F-11D3-BF4B-00C04F79EFBC}") = "FrmCalculadora", "FrmCalculadora\FrmCalculadora.csproj", "{9722D704-96B6-424E-99A2-F694155670B7}"
EndProject
Global
	GlobalSection(SolutionConfigurationPlatforms) = preSolution
		Debug|Any CPU = Debug|Any CPU
		Release|Any CPU = Release|Any CPU
	EndGlobalSection
	GlobalSection(ProjectConfigurationPlatforms) = postSolution
		{C59FA9E0-A53F-4323-B68E-8C37F4900FB6}.Debug|Any CPU.ActiveCfg = Debug|Any CPU
		{C59FA9E0-A53F-4323-B68E-8C37F4900FB6}.Debug|Any CPU.Build.0 = Debug|Any CPU
		{C59FA9E0-A53F-4323-B68E-8C37F4900FB6}.Release|Any CPU.ActiveCfg = Release|Any CPU
		{C59FA9E0-A53F-4323-B68E-8C37F4900FB6}.Release|Any CPU.Build.0 = Release|Any CPU
		{8B022DEA-B196-4D00-9544-5BA297357EFB}.Debug|Any CPU.ActiveCfg = Debug|Any CPU
		{8B022DEA-B196-4D00-9544-5BA297357EFB}.Debug|Any CPU.Build.0 = Debug|Any CPU
		{8B022DEA-B196-4D00-9544-5BA297357EFB}.Release|Any CPU.ActiveCfg = Release|Any CPU
		{8B022DEA-B196-4D00-9544-5BA297357EFB}.Release|Any CPU.Build.0 = Release|Any CPU
		{9722D704-96B6-424E-99A2-F694155670B7}.Debug|Any CPU.ActiveCfg = Debug|Any CPU
		{9722D704-96B6-424E-99A2-F694155670B7}.Debug|Any CPU.Build.0 = Debug|Any CPU
		{9722D704-96B6-424E-99A2-F694155670B7}.Release|Any CPU.ActiveCfg = Release|Any CPU
		{9722D704-96B6-424E-99A2-F694155670B7}.Release|Any CPU.Build.0 = Release|Any CPU
	EndGlobalSection
	GlobalSection(SolutionProperties) = preSolution
		HideSolutionNode = FALSE
	EndGlobalSection
EndGlobal
